Microsoft Visual Studio Solution File, Format Version 11.00
# Visual Studio 2010
Project("{FAE04EC0-301F-11D3-BF4B-00C04F79EFBC}") = "DXM3_HtmlEditor", "DXM3_HtmlEditor\DXM3_HtmlEditor.csproj", "{3E24F501-A659-447E-A315-3FD5CBD6ADF2}"
EndProject
Global
	GlobalSection(SolutionConfigurationPlatforms) = preSolution
		Debug|Any CPU = Debug|Any CPU
		Release|Any CPU = Release|Any CPU
	EndGlobalSection
	GlobalSection(ProjectConfigurationPlatforms) = postSolution
		{3E24F501-A659-447E-A315-3FD5CBD6ADF2}.Debug|Any CPU.ActiveCfg = Debug|Any CPU
		{3E24F501-A659-447E-A315-3FD5CBD6ADF2}.Debug|Any CPU.Build.0 = Debug|Any CPU
		{3E24F501-A659-447E-A315-3FD5CBD6ADF2}.Release|Any CPU.ActiveCfg = Release|Any CPU
		{3E24F501-A659-447E-A315-3FD5CBD6ADF2}.Release|Any CPU.Build.0 = Release|Any CPU
	EndGlobalSection
	GlobalSection(SolutionProperties) = preSolution
		HideSolutionNode = FALSE
	EndGlobalSection
EndGlobal
